
Microsoft Visual Studio Solution File, Format Version 12.00
# Visual Studio Version 17
VisualStudioVersion = 17.9.34714.143
MinimumVisualStudioVersion = 10.0.40219.1
Project("{FAE04EC0-301F-11D3-BF4B-00C04F79EFBC}") = "Right-to-Left", "Right-to-Left.csproj", "{6B84C6FD-79AC-472E-82D5-6892A6025C36}"
EndProject
Global
	GlobalSection(SolutionConfigurationPlatforms) = preSolution
		Debug|Any CPU = Debug|Any CPU
		Release|Any CPU = Release|Any CPU
	EndGlobalSection
	GlobalSection(ProjectConfigurationPlatforms) = postSolution
		{6B84C6FD-79AC-472E-82D5-6892A6025C36}.Debug|Any CPU.ActiveCfg = Debug|Any CPU
		{6B84C6FD-79AC-472E-82D5-6892A6025C36}.Debug|Any CPU.Build.0 = Debug|Any CPU
		{6B84C6FD-79AC-472E-82D5-6892A6025C36}.Debug|Any CPU.Deploy.0 = Debug|Any CPU
		{6B84C6FD-79AC-472E-82D5-6892A6025C36}.Release|Any CPU.ActiveCfg = Release|Any CPU
		{6B84C6FD-79AC-472E-82D5-6892A6025C36}.Release|Any CPU.Build.0 = Release|Any CPU
		{6B84C6FD-79AC-472E-82D5-6892A6025C36}.Release|Any CPU.Deploy.0 = Release|Any CPU
	EndGlobalSection
	GlobalSection(SolutionProperties) = preSolution
		HideSolutionNode = FALSE
	EndGlobalSection
	GlobalSection(ExtensibilityGlobals) = postSolution
		SolutionGuid = {FCBEA7BF-7C04-461C-9EC7-8BB6C9A774FD}
	EndGlobalSection
EndGlobal
