
Microsoft Visual Studio Solution File, Format Version 12.00
# Visual Studio Version 17
VisualStudioVersion = 17.13.35825.156 d17.13
MinimumVisualStudioVersion = 10.0.40219.1
Project("{FAE04EC0-301F-11D3-BF4B-00C04F79EFBC}") = "SharePDF", "SharePDF.csproj", "{3538B4AD-F0AB-9C02-ED09-36636E18CB35}"
EndProject
Global
	GlobalSection(SolutionConfigurationPlatforms) = preSolution
		Debug|Any CPU = Debug|Any CPU
		Release|Any CPU = Release|Any CPU
	EndGlobalSection
	GlobalSection(ProjectConfigurationPlatforms) = postSolution
		{3538B4AD-F0AB-9C02-ED09-36636E18CB35}.Debug|Any CPU.ActiveCfg = Debug|Any CPU
		{3538B4AD-F0AB-9C02-ED09-36636E18CB35}.Debug|Any CPU.Build.0 = Debug|Any CPU
		{3538B4AD-F0AB-9C02-ED09-36636E18CB35}.Debug|Any CPU.Deploy.0 = Debug|Any CPU
		{3538B4AD-F0AB-9C02-ED09-36636E18CB35}.Release|Any CPU.ActiveCfg = Release|Any CPU
		{3538B4AD-F0AB-9C02-ED09-36636E18CB35}.Release|Any CPU.Build.0 = Release|Any CPU
		{3538B4AD-F0AB-9C02-ED09-36636E18CB35}.Release|Any CPU.Deploy.0 = Release|Any CPU
	EndGlobalSection
	GlobalSection(SolutionProperties) = preSolution
		HideSolutionNode = FALSE
	EndGlobalSection
	GlobalSection(ExtensibilityGlobals) = postSolution
		SolutionGuid = {9AE2AAAE-D547-4669-A5D9-3763BB7C4068}
	EndGlobalSection
EndGlobal
