
Microsoft Visual Studio Solution File, Format Version 12.00
# Visual Studio Version 17
VisualStudioVersion = 17.13.35825.156 d17.13
MinimumVisualStudioVersion = 10.0.40219.1
Project("{FAE04EC0-301F-11D3-BF4B-00C04F79EFBC}") = "SharePDF", "SharePDF\SharePDF.csproj", "{76F9CCC0-3E12-460B-849F-2429CCE5F5CC}"
EndProject
Global
	GlobalSection(SolutionConfigurationPlatforms) = preSolution
		Debug|Any CPU = Debug|Any CPU
		Release|Any CPU = Release|Any CPU
	EndGlobalSection
	GlobalSection(ProjectConfigurationPlatforms) = postSolution
		{76F9CCC0-3E12-460B-849F-2429CCE5F5CC}.Debug|Any CPU.ActiveCfg = Debug|Any CPU
		{76F9CCC0-3E12-460B-849F-2429CCE5F5CC}.Debug|Any CPU.Build.0 = Debug|Any CPU
		{76F9CCC0-3E12-460B-849F-2429CCE5F5CC}.Debug|Any CPU.Deploy.0 = Debug|Any CPU
		{76F9CCC0-3E12-460B-849F-2429CCE5F5CC}.Release|Any CPU.ActiveCfg = Release|Any CPU
		{76F9CCC0-3E12-460B-849F-2429CCE5F5CC}.Release|Any CPU.Build.0 = Release|Any CPU
		{76F9CCC0-3E12-460B-849F-2429CCE5F5CC}.Release|Any CPU.Deploy.0 = Release|Any CPU
	EndGlobalSection
	GlobalSection(SolutionProperties) = preSolution
		HideSolutionNode = FALSE
	EndGlobalSection
	GlobalSection(ExtensibilityGlobals) = postSolution
		SolutionGuid = {755618E1-974C-49E5-933B-19AF3873FD7D}
	EndGlobalSection
EndGlobal
