
Microsoft Visual Studio Solution File, Format Version 12.00
# Visual Studio Version 17
VisualStudioVersion = 17.8.34511.84
MinimumVisualStudioVersion = 10.0.40219.1
Project("{FAE04EC0-301F-11D3-BF4B-00C04F79EFBC}") = "sample", "sample\sample.csproj", "{D063B59A-8640-45D4-A9FA-DAC2778517D7}"
EndProject
Global
	GlobalSection(SolutionConfigurationPlatforms) = preSolution
		Debug|Any CPU = Debug|Any CPU
		Release|Any CPU = Release|Any CPU
	EndGlobalSection
	GlobalSection(ProjectConfigurationPlatforms) = postSolution
		{D063B59A-8640-45D4-A9FA-DAC2778517D7}.Debug|Any CPU.ActiveCfg = Debug|Any CPU
		{D063B59A-8640-45D4-A9FA-DAC2778517D7}.Debug|Any CPU.Build.0 = Debug|Any CPU
		{D063B59A-8640-45D4-A9FA-DAC2778517D7}.Debug|Any CPU.Deploy.0 = Debug|Any CPU
		{D063B59A-8640-45D4-A9FA-DAC2778517D7}.Release|Any CPU.ActiveCfg = Release|Any CPU
		{D063B59A-8640-45D4-A9FA-DAC2778517D7}.Release|Any CPU.Build.0 = Release|Any CPU
		{D063B59A-8640-45D4-A9FA-DAC2778517D7}.Release|Any CPU.Deploy.0 = Release|Any CPU
	EndGlobalSection
	GlobalSection(SolutionProperties) = preSolution
		HideSolutionNode = FALSE
	EndGlobalSection
	GlobalSection(ExtensibilityGlobals) = postSolution
		SolutionGuid = {B8EFA245-5E09-442B-B7BF-D7A256F20CF6}
	EndGlobalSection
EndGlobal
