
Microsoft Visual Studio Solution File, Format Version 12.00
# Visual Studio Version 17
VisualStudioVersion = 17.10.35122.118
MinimumVisualStudioVersion = 10.0.40219.1
Project("{FAE04EC0-301F-11D3-BF4B-00C04F79EFBC}") = "SmartFill", "SmartFill\SmartFill.csproj", "{A18CCA7B-416B-44E1-950C-EF38850799F4}"
EndProject
Global
	GlobalSection(SolutionConfigurationPlatforms) = preSolution
		Debug|Any CPU = Debug|Any CPU
		Release|Any CPU = Release|Any CPU
	EndGlobalSection
	GlobalSection(ProjectConfigurationPlatforms) = postSolution
		{A18CCA7B-416B-44E1-950C-EF38850799F4}.Debug|Any CPU.ActiveCfg = Debug|Any CPU
		{A18CCA7B-416B-44E1-950C-EF38850799F4}.Debug|Any CPU.Build.0 = Debug|Any CPU
		{A18CCA7B-416B-44E1-950C-EF38850799F4}.Debug|Any CPU.Deploy.0 = Debug|Any CPU
		{A18CCA7B-416B-44E1-950C-EF38850799F4}.Release|Any CPU.ActiveCfg = Release|Any CPU
		{A18CCA7B-416B-44E1-950C-EF38850799F4}.Release|Any CPU.Build.0 = Release|Any CPU
		{A18CCA7B-416B-44E1-950C-EF38850799F4}.Release|Any CPU.Deploy.0 = Release|Any CPU
	EndGlobalSection
	GlobalSection(SolutionProperties) = preSolution
		HideSolutionNode = FALSE
	EndGlobalSection
	GlobalSection(ExtensibilityGlobals) = postSolution
		SolutionGuid = {79E583D6-64C9-48CD-8936-525BD6B07E45}
	EndGlobalSection
EndGlobal
