
Microsoft Visual Studio Solution File, Format Version 12.00
# Visual Studio Version 17
VisualStudioVersion = 17.9.34310.174
MinimumVisualStudioVersion = 10.0.40219.1
Project("{FAE04EC0-301F-11D3-BF4B-00C04F79EFBC}") = "SharePdfDocumentToDefaultMail", "SharePdfDocumentToDefaultMail.csproj", "{B7D78E30-6ACF-455F-8003-41D1874D7B87}"
EndProject
Global
	GlobalSection(SolutionConfigurationPlatforms) = preSolution
		Debug|Any CPU = Debug|Any CPU
		Release|Any CPU = Release|Any CPU
	EndGlobalSection
	GlobalSection(ProjectConfigurationPlatforms) = postSolution
		{B7D78E30-6ACF-455F-8003-41D1874D7B87}.Debug|Any CPU.ActiveCfg = Debug|Any CPU
		{B7D78E30-6ACF-455F-8003-41D1874D7B87}.Debug|Any CPU.Build.0 = Debug|Any CPU
		{B7D78E30-6ACF-455F-8003-41D1874D7B87}.Debug|Any CPU.Deploy.0 = Debug|Any CPU
		{B7D78E30-6ACF-455F-8003-41D1874D7B87}.Release|Any CPU.ActiveCfg = Release|Any CPU
		{B7D78E30-6ACF-455F-8003-41D1874D7B87}.Release|Any CPU.Build.0 = Release|Any CPU
		{B7D78E30-6ACF-455F-8003-41D1874D7B87}.Release|Any CPU.Deploy.0 = Release|Any CPU
	EndGlobalSection
	GlobalSection(SolutionProperties) = preSolution
		HideSolutionNode = FALSE
	EndGlobalSection
	GlobalSection(ExtensibilityGlobals) = postSolution
		SolutionGuid = {1579CF34-A74E-476B-84C4-3B0D9ED5155A}
	EndGlobalSection
EndGlobal
