
Microsoft Visual Studio Solution File, Format Version 12.00
# Visual Studio Version 17
VisualStudioVersion = 17.14.36203.30 d17.14
MinimumVisualStudioVersion = 10.0.40219.1
Project("{FAE04EC0-301F-11D3-BF4B-00C04F79EFBC}") = "TextPolygonSample", "TextPolygonSample.csproj", "{06054CB1-A829-4557-8076-96BB3818446A}"
EndProject
Global
	GlobalSection(SolutionConfigurationPlatforms) = preSolution
		Debug|Any CPU = Debug|Any CPU
		Release|Any CPU = Release|Any CPU
	EndGlobalSection
	GlobalSection(ProjectConfigurationPlatforms) = postSolution
		{06054CB1-A829-4557-8076-96BB3818446A}.Debug|Any CPU.ActiveCfg = Debug|Any CPU
		{06054CB1-A829-4557-8076-96BB3818446A}.Debug|Any CPU.Build.0 = Debug|Any CPU
		{06054CB1-A829-4557-8076-96BB3818446A}.Release|Any CPU.ActiveCfg = Release|Any CPU
		{06054CB1-A829-4557-8076-96BB3818446A}.Release|Any CPU.Build.0 = Release|Any CPU
	EndGlobalSection
	GlobalSection(SolutionProperties) = preSolution
		HideSolutionNode = FALSE
	EndGlobalSection
	GlobalSection(ExtensibilityGlobals) = postSolution
		SolutionGuid = {8C7F93CE-4D14-4C45-9AED-A134600A7CF8}
	EndGlobalSection
EndGlobal
