
Microsoft Visual Studio Solution File, Format Version 12.00
# Visual Studio Version 17
VisualStudioVersion = 17.14.36203.30 d17.14
MinimumVisualStudioVersion = 10.0.40219.1
Project("{FAE04EC0-301F-11D3-BF4B-00C04F79EFBC}") = "DocumentViewerDemo", "DocumentViewerDemo.csproj", "{5E7CD1B3-C58B-4FF0-ABF4-4BB423975713}"
EndProject
Global
	GlobalSection(SolutionConfigurationPlatforms) = preSolution
		Debug|Any CPU = Debug|Any CPU
		Release|Any CPU = Release|Any CPU
	EndGlobalSection
	GlobalSection(ProjectConfigurationPlatforms) = postSolution
		{5E7CD1B3-C58B-4FF0-ABF4-4BB423975713}.Debug|Any CPU.ActiveCfg = Debug|Any CPU
		{5E7CD1B3-C58B-4FF0-ABF4-4BB423975713}.Debug|Any CPU.Build.0 = Debug|Any CPU
		{5E7CD1B3-C58B-4FF0-ABF4-4BB423975713}.Release|Any CPU.ActiveCfg = Release|Any CPU
		{5E7CD1B3-C58B-4FF0-ABF4-4BB423975713}.Release|Any CPU.Build.0 = Release|Any CPU
	EndGlobalSection
	GlobalSection(SolutionProperties) = preSolution
		HideSolutionNode = FALSE
	EndGlobalSection
	GlobalSection(ExtensibilityGlobals) = postSolution
		SolutionGuid = {8CFD7129-DBAE-4256-A356-CBCD065F9AE7}
	EndGlobalSection
EndGlobal
