
Microsoft Visual Studio Solution File, Format Version 12.00
# Visual Studio Version 17
VisualStudioVersion = 17.9.34310.174
MinimumVisualStudioVersion = 10.0.40219.1
Project("{9A19103F-16F7-4668-BE54-9A1E7A4F7556}") = "CustomSearchToolbar", "CustomSearchToolbar\CustomSearchToolbar.csproj", "{BBA73B1E-E93D-461F-BB81-E01B79006E3A}"
EndProject
Global
	GlobalSection(SolutionConfigurationPlatforms) = preSolution
		Debug|Any CPU = Debug|Any CPU
		Release|Any CPU = Release|Any CPU
		Release-Xml|Any CPU = Release-Xml|Any CPU
	EndGlobalSection
	GlobalSection(ProjectConfigurationPlatforms) = postSolution
		{BBA73B1E-E93D-461F-BB81-E01B79006E3A}.Debug|Any CPU.ActiveCfg = Debug|Any CPU
		{BBA73B1E-E93D-461F-BB81-E01B79006E3A}.Debug|Any CPU.Build.0 = Debug|Any CPU
		{BBA73B1E-E93D-461F-BB81-E01B79006E3A}.Debug|Any CPU.Deploy.0 = Debug|Any CPU
		{BBA73B1E-E93D-461F-BB81-E01B79006E3A}.Release|Any CPU.ActiveCfg = Release|Any CPU
		{BBA73B1E-E93D-461F-BB81-E01B79006E3A}.Release|Any CPU.Build.0 = Release|Any CPU
		{BBA73B1E-E93D-461F-BB81-E01B79006E3A}.Release|Any CPU.Deploy.0 = Release|Any CPU
		{BBA73B1E-E93D-461F-BB81-E01B79006E3A}.Release-Xml|Any CPU.ActiveCfg = Release|Any CPU
		{BBA73B1E-E93D-461F-BB81-E01B79006E3A}.Release-Xml|Any CPU.Build.0 = Release|Any CPU
		{BBA73B1E-E93D-461F-BB81-E01B79006E3A}.Release-Xml|Any CPU.Deploy.0 = Release|Any CPU
	EndGlobalSection
	GlobalSection(SolutionProperties) = preSolution
		HideSolutionNode = FALSE
	EndGlobalSection
	GlobalSection(ExtensibilityGlobals) = postSolution
		SolutionGuid = {E68A9110-FEBA-46B4-8E01-5F1B0008A776}
	EndGlobalSection
EndGlobal
