
Microsoft Visual Studio Solution File, Format Version 12.00
# Visual Studio Version 17
VisualStudioVersion = 17.10.35122.118
MinimumVisualStudioVersion = 10.0.40219.1
Project("{FAE04EC0-301F-11D3-BF4B-00C04F79EFBC}") = "SmartRedaction", "SmartRedaction\SmartRedaction.csproj", "{7BBF51C9-98EC-4A7A-9B59-0AE338975078}"
EndProject
Global
	GlobalSection(SolutionConfigurationPlatforms) = preSolution
		Debug|Any CPU = Debug|Any CPU
		Release|Any CPU = Release|Any CPU
	EndGlobalSection
	GlobalSection(ProjectConfigurationPlatforms) = postSolution
		{7BBF51C9-98EC-4A7A-9B59-0AE338975078}.Debug|Any CPU.ActiveCfg = Debug|Any CPU
		{7BBF51C9-98EC-4A7A-9B59-0AE338975078}.Debug|Any CPU.Build.0 = Debug|Any CPU
		{7BBF51C9-98EC-4A7A-9B59-0AE338975078}.Debug|Any CPU.Deploy.0 = Debug|Any CPU
		{7BBF51C9-98EC-4A7A-9B59-0AE338975078}.Release|Any CPU.ActiveCfg = Release|Any CPU
		{7BBF51C9-98EC-4A7A-9B59-0AE338975078}.Release|Any CPU.Build.0 = Release|Any CPU
		{7BBF51C9-98EC-4A7A-9B59-0AE338975078}.Release|Any CPU.Deploy.0 = Release|Any CPU
	EndGlobalSection
	GlobalSection(SolutionProperties) = preSolution
		HideSolutionNode = FALSE
	EndGlobalSection
	GlobalSection(ExtensibilityGlobals) = postSolution
		SolutionGuid = {B8AA80E8-6D18-49EC-AD2C-2123C05550E2}
	EndGlobalSection
EndGlobal
