
Microsoft Visual Studio Solution File, Format Version 12.00
# Visual Studio Version 17
VisualStudioVersion = 17.9.34511.98
MinimumVisualStudioVersion = 10.0.40219.1
Project("{FAE04EC0-301F-11D3-BF4B-00C04F79EFBC}") = "CreatePDF", "CreatePDF\CreatePDF.csproj", "{DBE71C52-8CA4-47C5-9167-D95A10DCC52E}"
EndProject
Global
	GlobalSection(SolutionConfigurationPlatforms) = preSolution
		Debug|Any CPU = Debug|Any CPU
		Release|Any CPU = Release|Any CPU
	EndGlobalSection
	GlobalSection(ProjectConfigurationPlatforms) = postSolution
		{DBE71C52-8CA4-47C5-9167-D95A10DCC52E}.Debug|Any CPU.ActiveCfg = Debug|Any CPU
		{DBE71C52-8CA4-47C5-9167-D95A10DCC52E}.Debug|Any CPU.Build.0 = Debug|Any CPU
		{DBE71C52-8CA4-47C5-9167-D95A10DCC52E}.Debug|Any CPU.Deploy.0 = Debug|Any CPU
		{DBE71C52-8CA4-47C5-9167-D95A10DCC52E}.Release|Any CPU.ActiveCfg = Release|Any CPU
		{DBE71C52-8CA4-47C5-9167-D95A10DCC52E}.Release|Any CPU.Build.0 = Release|Any CPU
		{DBE71C52-8CA4-47C5-9167-D95A10DCC52E}.Release|Any CPU.Deploy.0 = Release|Any CPU
	EndGlobalSection
	GlobalSection(SolutionProperties) = preSolution
		HideSolutionNode = FALSE
	EndGlobalSection
	GlobalSection(ExtensibilityGlobals) = postSolution
		SolutionGuid = {6CCDEED6-7EBA-41CE-BC19-D83F26CC391F}
	EndGlobalSection
EndGlobal
