Microsoft Visual Studio Solution File, Format Version 12.00
# Visual Studio Version 17
VisualStudioVersion = 17.5.2.0
MinimumVisualStudioVersion = 10.0.40219.1
Project("{FAE04EC0-301F-11D3-BF4B-00C04F79EFBC}") = "CreatePDF", "CreatePDF.csproj", "{15B29644-4FF4-023D-5B43-F8AD946D4F01}"
EndProject
Global
	GlobalSection(SolutionConfigurationPlatforms) = preSolution
		Debug|Any CPU = Debug|Any CPU
		Release|Any CPU = Release|Any CPU
	EndGlobalSection
	GlobalSection(ProjectConfigurationPlatforms) = postSolution
		{15B29644-4FF4-023D-5B43-F8AD946D4F01}.Debug|Any CPU.ActiveCfg = Debug|Any CPU
		{15B29644-4FF4-023D-5B43-F8AD946D4F01}.Debug|Any CPU.Build.0 = Debug|Any CPU
		{15B29644-4FF4-023D-5B43-F8AD946D4F01}.Debug|Any CPU.Deploy.0 = Debug|Any CPU
		{15B29644-4FF4-023D-5B43-F8AD946D4F01}.Release|Any CPU.ActiveCfg = Release|Any CPU
		{15B29644-4FF4-023D-5B43-F8AD946D4F01}.Release|Any CPU.Build.0 = Release|Any CPU
	EndGlobalSection
	GlobalSection(SolutionProperties) = preSolution
		HideSolutionNode = FALSE
	EndGlobalSection
	GlobalSection(ExtensibilityGlobals) = postSolution
		SolutionGuid = {C701FCDE-B716-4972-A0DC-898A99A12B49}
	EndGlobalSection
EndGlobal
