
Microsoft Visual Studio Solution File, Format Version 12.00
# Visual Studio Version 17
VisualStudioVersion = 17.8.34511.84
MinimumVisualStudioVersion = 10.0.40219.1
Project("{9A19103F-16F7-4668-BE54-9A1E7A4F7556}") = "ElectronicSignature", "ElectronicSignature\ElectronicSignature.csproj", "{8E874C50-BAA4-406C-9C37-71DB1699D9A4}"
EndProject
Project("{9A19103F-16F7-4668-BE54-9A1E7A4F7556}") = "Syncfusion.Maui.PdfViewer", "..\maui-pdfviewer\maui\src\PDFViewer\Syncfusion.Maui.PdfViewer.csproj", "{928B92E4-3334-4123-B588-3C36E5199C12}"
EndProject
Global
	GlobalSection(SolutionConfigurationPlatforms) = preSolution
		Debug|Any CPU = Debug|Any CPU
		Release|Any CPU = Release|Any CPU
		Release-Xml|Any CPU = Release-Xml|Any CPU
	EndGlobalSection
	GlobalSection(ProjectConfigurationPlatforms) = postSolution
		{8E874C50-BAA4-406C-9C37-71DB1699D9A4}.Debug|Any CPU.ActiveCfg = Debug|Any CPU
		{8E874C50-BAA4-406C-9C37-71DB1699D9A4}.Debug|Any CPU.Build.0 = Debug|Any CPU
		{8E874C50-BAA4-406C-9C37-71DB1699D9A4}.Debug|Any CPU.Deploy.0 = Debug|Any CPU
		{8E874C50-BAA4-406C-9C37-71DB1699D9A4}.Release|Any CPU.ActiveCfg = Release|Any CPU
		{8E874C50-BAA4-406C-9C37-71DB1699D9A4}.Release|Any CPU.Build.0 = Release|Any CPU
		{8E874C50-BAA4-406C-9C37-71DB1699D9A4}.Release|Any CPU.Deploy.0 = Release|Any CPU
		{8E874C50-BAA4-406C-9C37-71DB1699D9A4}.Release-Xml|Any CPU.ActiveCfg = Release|Any CPU
		{8E874C50-BAA4-406C-9C37-71DB1699D9A4}.Release-Xml|Any CPU.Build.0 = Release|Any CPU
		{8E874C50-BAA4-406C-9C37-71DB1699D9A4}.Release-Xml|Any CPU.Deploy.0 = Release|Any CPU
		{928B92E4-3334-4123-B588-3C36E5199C12}.Debug|Any CPU.ActiveCfg = Debug|Any CPU
		{928B92E4-3334-4123-B588-3C36E5199C12}.Debug|Any CPU.Build.0 = Debug|Any CPU
		{928B92E4-3334-4123-B588-3C36E5199C12}.Release|Any CPU.ActiveCfg = Release|Any CPU
		{928B92E4-3334-4123-B588-3C36E5199C12}.Release|Any CPU.Build.0 = Release|Any CPU
		{928B92E4-3334-4123-B588-3C36E5199C12}.Release-Xml|Any CPU.ActiveCfg = Release-Xml|Any CPU
		{928B92E4-3334-4123-B588-3C36E5199C12}.Release-Xml|Any CPU.Build.0 = Release-Xml|Any CPU
	EndGlobalSection
	GlobalSection(SolutionProperties) = preSolution
		HideSolutionNode = FALSE
	EndGlobalSection
	GlobalSection(ExtensibilityGlobals) = postSolution
		SolutionGuid = {E9E316C4-5B94-4C2C-8C22-E390B9854C3E}
	EndGlobalSection
EndGlobal
