
Microsoft Visual Studio Solution File, Format Version 12.00
# Visual Studio Version 17
VisualStudioVersion = 17.8.34330.188
MinimumVisualStudioVersion = 10.0.40219.1
Project("{9A19103F-16F7-4668-BE54-9A1E7A4F7556}") = "EncryptingPDF", "EncryptingPdf\EncryptingPDF.csproj", "{83395079-7EF8-4BD6-8F94-61A0CEED5C16}"
EndProject
Global
	GlobalSection(SolutionConfigurationPlatforms) = preSolution
		Debug|Any CPU = Debug|Any CPU
		Release|Any CPU = Release|Any CPU
	EndGlobalSection
	GlobalSection(ProjectConfigurationPlatforms) = postSolution
		{83395079-7EF8-4BD6-8F94-61A0CEED5C16}.Debug|Any CPU.ActiveCfg = Debug|Any CPU
		{83395079-7EF8-4BD6-8F94-61A0CEED5C16}.Debug|Any CPU.Build.0 = Debug|Any CPU
		{83395079-7EF8-4BD6-8F94-61A0CEED5C16}.Debug|Any CPU.Deploy.0 = Debug|Any CPU
		{83395079-7EF8-4BD6-8F94-61A0CEED5C16}.Release|Any CPU.ActiveCfg = Release|Any CPU
		{83395079-7EF8-4BD6-8F94-61A0CEED5C16}.Release|Any CPU.Build.0 = Release|Any CPU
		{83395079-7EF8-4BD6-8F94-61A0CEED5C16}.Release|Any CPU.Deploy.0 = Release|Any CPU
	EndGlobalSection
	GlobalSection(SolutionProperties) = preSolution
		HideSolutionNode = FALSE
	EndGlobalSection
	GlobalSection(ExtensibilityGlobals) = postSolution
		SolutionGuid = {1C304C46-2790-4E70-926C-CF1A1048750D}
	EndGlobalSection
EndGlobal
