
Microsoft Visual Studio Solution File, Format Version 12.00
# Visual Studio Version 17
VisualStudioVersion = 17.8.34511.84
MinimumVisualStudioVersion = 10.0.40219.1
Project("{FAE04EC0-301F-11D3-BF4B-00C04F79EFBC}") = "EncryptingPDF", "EncryptingPDF\EncryptingPDF.csproj", "{2360A6AC-5AE4-4428-B428-1E9A51511491}"
EndProject
Global
	GlobalSection(SolutionConfigurationPlatforms) = preSolution
		Debug|Any CPU = Debug|Any CPU
		Release|Any CPU = Release|Any CPU
	EndGlobalSection
	GlobalSection(ProjectConfigurationPlatforms) = postSolution
		{2360A6AC-5AE4-4428-B428-1E9A51511491}.Debug|Any CPU.ActiveCfg = Debug|Any CPU
		{2360A6AC-5AE4-4428-B428-1E9A51511491}.Debug|Any CPU.Build.0 = Debug|Any CPU
		{2360A6AC-5AE4-4428-B428-1E9A51511491}.Debug|Any CPU.Deploy.0 = Debug|Any CPU
		{2360A6AC-5AE4-4428-B428-1E9A51511491}.Release|Any CPU.ActiveCfg = Release|Any CPU
		{2360A6AC-5AE4-4428-B428-1E9A51511491}.Release|Any CPU.Build.0 = Release|Any CPU
		{2360A6AC-5AE4-4428-B428-1E9A51511491}.Release|Any CPU.Deploy.0 = Release|Any CPU
	EndGlobalSection
	GlobalSection(SolutionProperties) = preSolution
		HideSolutionNode = FALSE
	EndGlobalSection
	GlobalSection(ExtensibilityGlobals) = postSolution
		SolutionGuid = {25BEA79E-A3AE-45D8-B6B0-03540DCDACED}
	EndGlobalSection
EndGlobal
