
Microsoft Visual Studio Solution File, Format Version 12.00
# Visual Studio Version 17
VisualStudioVersion = 17.13.35825.156 d17.13
MinimumVisualStudioVersion = 10.0.40219.1
Project("{FAE04EC0-301F-11D3-BF4B-00C04F79EFBC}") = "EncryptingPDF", "EncryptingPDF\EncryptingPDF.csproj", "{E5047AB0-8782-420D-A63F-42C7C451DF09}"
EndProject
Global
	GlobalSection(SolutionConfigurationPlatforms) = preSolution
		Debug|Any CPU = Debug|Any CPU
		Release|Any CPU = Release|Any CPU
	EndGlobalSection
	GlobalSection(ProjectConfigurationPlatforms) = postSolution
		{E5047AB0-8782-420D-A63F-42C7C451DF09}.Debug|Any CPU.ActiveCfg = Debug|Any CPU
		{E5047AB0-8782-420D-A63F-42C7C451DF09}.Debug|Any CPU.Build.0 = Debug|Any CPU
		{E5047AB0-8782-420D-A63F-42C7C451DF09}.Debug|Any CPU.Deploy.0 = Debug|Any CPU
		{E5047AB0-8782-420D-A63F-42C7C451DF09}.Release|Any CPU.ActiveCfg = Release|Any CPU
		{E5047AB0-8782-420D-A63F-42C7C451DF09}.Release|Any CPU.Build.0 = Release|Any CPU
		{E5047AB0-8782-420D-A63F-42C7C451DF09}.Release|Any CPU.Deploy.0 = Release|Any CPU
	EndGlobalSection
	GlobalSection(SolutionProperties) = preSolution
		HideSolutionNode = FALSE
	EndGlobalSection
	GlobalSection(ExtensibilityGlobals) = postSolution
		SolutionGuid = {29BE4A39-BB6A-4947-9354-2A7DDB2EBCBD}
	EndGlobalSection
EndGlobal
